
Microsoft Visual Studio Solution File, Format Version 12.00
# Visual Studio 2012
Project("{FAE04EC0-301F-11D3-BF4B-00C04F79EFBC}") = "BAL", "BAL.csproj", "{8D9789EA-67A6-42BA-867C-94CC366B1BFB}"
EndProject
Global
	GlobalSection(SolutionConfigurationPlatforms) = preSolution
		Debug|Any CPU = Debug|Any CPU
		Release|Any CPU = Release|Any CPU
	EndGlobalSection
	GlobalSection(ProjectConfigurationPlatforms) = postSolution
		{8D9789EA-67A6-42BA-867C-94CC366B1BFB}.Debug|Any CPU.ActiveCfg = Debug|Any CPU
		{8D9789EA-67A6-42BA-867C-94CC366B1BFB}.Debug|Any CPU.Build.0 = Debug|Any CPU
		{8D9789EA-67A6-42BA-867C-94CC366B1BFB}.Release|Any CPU.ActiveCfg = Release|Any CPU
		{8D9789EA-67A6-42BA-867C-94CC366B1BFB}.Release|Any CPU.Build.0 = Release|Any CPU
	EndGlobalSection
	GlobalSection(SolutionProperties) = preSolution
		HideSolutionNode = FALSE
	EndGlobalSection
EndGlobal
